
Microsoft Visual Studio Solution File, Format Version 12.00
# Visual Studio Version 16
VisualStudioVersion = 16.0.29609.76
MinimumVisualStudioVersion = 10.0.40219.1
Project("{FAE04EC0-301F-11D3-BF4B-00C04F79EFBC}") = "FactsApp.Android", "FactsApp\FactsApp.Android\FactsApp.Android.csproj", "{B5FA9200-BDE9-470B-B20F-8C695F5D016C}"
EndProject
Project("{FAE04EC0-301F-11D3-BF4B-00C04F79EFBC}") = "FactsApp.iOS", "FactsApp\FactsApp.iOS\FactsApp.iOS.csproj", "{3824AA82-E3D2-4AF7-84B2-283639E20393}"
EndProject
Project("{FAE04EC0-301F-11D3-BF4B-00C04F79EFBC}") = "FactsApp", "FactsApp\FactsApp\FactsApp.csproj", "{601CA4E4-9D42-4C15-95CC-0AD12522A37A}"
EndProject
Global
	GlobalSection(SolutionConfigurationPlatforms) = preSolution
		Debug|Any CPU = Debug|Any CPU
		Debug|iPhone = Debug|iPhone
		Debug|iPhoneSimulator = Debug|iPhoneSimulator
		Release|Any CPU = Release|Any CPU
		Release|iPhone = Release|iPhone
		Release|iPhoneSimulator = Release|iPhoneSimulator
	EndGlobalSection
	GlobalSection(ProjectConfigurationPlatforms) = postSolution
		{B5FA9200-BDE9-470B-B20F-8C695F5D016C}.Debug|Any CPU.ActiveCfg = Debug|Any CPU
		{B5FA9200-BDE9-470B-B20F-8C695F5D016C}.Debug|Any CPU.Build.0 = Debug|Any CPU
		{B5FA9200-BDE9-470B-B20F-8C695F5D016C}.Debug|Any CPU.Deploy.0 = Debug|Any CPU
		{B5FA9200-BDE9-470B-B20F-8C695F5D016C}.Debug|iPhone.ActiveCfg = Debug|Any CPU
		{B5FA9200-BDE9-470B-B20F-8C695F5D016C}.Debug|iPhone.Build.0 = Debug|Any CPU
		{B5FA9200-BDE9-470B-B20F-8C695F5D016C}.Debug|iPhone.Deploy.0 = Debug|Any CPU
		{B5FA9200-BDE9-470B-B20F-8C695F5D016C}.Debug|iPhoneSimulator.ActiveCfg = Debug|Any CPU
		{B5FA9200-BDE9-470B-B20F-8C695F5D016C}.Debug|iPhoneSimulator.Build.0 = Debug|Any CPU
		{B5FA9200-BDE9-470B-B20F-8C695F5D016C}.Debug|iPhoneSimulator.Deploy.0 = Debug|Any CPU
		{B5FA9200-BDE9-470B-B20F-8C695F5D016C}.Release|Any CPU.ActiveCfg = Release|Any CPU
		{B5FA9200-BDE9-470B-B20F-8C695F5D016C}.Release|Any CPU.Build.0 = Release|Any CPU
		{B5FA9200-BDE9-470B-B20F-8C695F5D016C}.Release|Any CPU.Deploy.0 = Release|Any CPU
		{B5FA9200-BDE9-470B-B20F-8C695F5D016C}.Release|iPhone.ActiveCfg = Release|Any CPU
		{B5FA9200-BDE9-470B-B20F-8C695F5D016C}.Release|iPhone.Build.0 = Release|Any CPU
		{B5FA9200-BDE9-470B-B20F-8C695F5D016C}.Release|iPhone.Deploy.0 = Release|Any CPU
		{B5FA9200-BDE9-470B-B20F-8C695F5D016C}.Release|iPhoneSimulator.ActiveCfg = Release|Any CPU
		{B5FA9200-BDE9-470B-B20F-8C695F5D016C}.Release|iPhoneSimulator.Build.0 = Release|Any CPU
		{B5FA9200-BDE9-470B-B20F-8C695F5D016C}.Release|iPhoneSimulator.Deploy.0 = Release|Any CPU
		{3824AA82-E3D2-4AF7-84B2-283639E20393}.Debug|Any CPU.ActiveCfg = Debug|iPhoneSimulator
		{3824AA82-E3D2-4AF7-84B2-283639E20393}.Debug|Any CPU.Build.0 = Debug|iPhoneSimulator
		{3824AA82-E3D2-4AF7-84B2-283639E20393}.Debug|Any CPU.Deploy.0 = Debug|iPhoneSimulator
		{3824AA82-E3D2-4AF7-84B2-283639E20393}.Debug|iPhone.ActiveCfg = Debug|iPhone
		{3824AA82-E3D2-4AF7-84B2-283639E20393}.Debug|iPhone.Build.0 = Debug|iPhone
		{3824AA82-E3D2-4AF7-84B2-283639E20393}.Debug|iPhone.Deploy.0 = Debug|iPhone
		{3824AA82-E3D2-4AF7-84B2-283639E20393}.Debug|iPhoneSimulator.ActiveCfg = Debug|iPhoneSimulator
		{3824AA82-E3D2-4AF7-84B2-283639E20393}.Debug|iPhoneSimulator.Build.0 = Debug|iPhoneSimulator
		{3824AA82-E3D2-4AF7-84B2-283639E20393}.Debug|iPhoneSimulator.Deploy.0 = Debug|iPhoneSimulator
		{3824AA82-E3D2-4AF7-84B2-283639E20393}.Release|Any CPU.ActiveCfg = Release|iPhone
		{3824AA82-E3D2-4AF7-84B2-283639E20393}.Release|Any CPU.Build.0 = Release|iPhone
		{3824AA82-E3D2-4AF7-84B2-283639E20393}.Release|Any CPU.Deploy.0 = Release|iPhone
		{3824AA82-E3D2-4AF7-84B2-283639E20393}.Release|iPhone.ActiveCfg = Release|iPhone
		{3824AA82-E3D2-4AF7-84B2-283639E20393}.Release|iPhone.Build.0 = Release|iPhone
		{3824AA82-E3D2-4AF7-84B2-283639E20393}.Release|iPhone.Deploy.0 = Release|iPhone
		{3824AA82-E3D2-4AF7-84B2-283639E20393}.Release|iPhoneSimulator.ActiveCfg = Release|iPhoneSimulator
		{3824AA82-E3D2-4AF7-84B2-283639E20393}.Release|iPhoneSimulator.Build.0 = Release|iPhoneSimulator
		{3824AA82-E3D2-4AF7-84B2-283639E20393}.Release|iPhoneSimulator.Deploy.0 = Release|iPhoneSimulator
		{601CA4E4-9D42-4C15-95CC-0AD12522A37A}.Debug|Any CPU.ActiveCfg = Debug|Any CPU
		{601CA4E4-9D42-4C15-95CC-0AD12522A37A}.Debug|Any CPU.Build.0 = Debug|Any CPU
		{601CA4E4-9D42-4C15-95CC-0AD12522A37A}.Debug|Any CPU.Deploy.0 = Debug|Any CPU
		{601CA4E4-9D42-4C15-95CC-0AD12522A37A}.Debug|iPhone.ActiveCfg = Debug|Any CPU
		{601CA4E4-9D42-4C15-95CC-0AD12522A37A}.Debug|iPhone.Build.0 = Debug|Any CPU
		{601CA4E4-9D42-4C15-95CC-0AD12522A37A}.Debug|iPhone.Deploy.0 = Debug|Any CPU
		{601CA4E4-9D42-4C15-95CC-0AD12522A37A}.Debug|iPhoneSimulator.ActiveCfg = Debug|Any CPU
		{601CA4E4-9D42-4C15-95CC-0AD12522A37A}.Debug|iPhoneSimulator.Build.0 = Debug|Any CPU
		{601CA4E4-9D42-4C15-95CC-0AD12522A37A}.Debug|iPhoneSimulator.Deploy.0 = Debug|Any CPU
		{601CA4E4-9D42-4C15-95CC-0AD12522A37A}.Release|Any CPU.ActiveCfg = Release|Any CPU
		{601CA4E4-9D42-4C15-95CC-0AD12522A37A}.Release|Any CPU.Build.0 = Release|Any CPU
		{601CA4E4-9D42-4C15-95CC-0AD12522A37A}.Release|Any CPU.Deploy.0 = Release|Any CPU
		{601CA4E4-9D42-4C15-95CC-0AD12522A37A}.Release|iPhone.ActiveCfg = Release|Any CPU
		{601CA4E4-9D42-4C15-95CC-0AD12522A37A}.Release|iPhone.Build.0 = Release|Any CPU
		{601CA4E4-9D42-4C15-95CC-0AD12522A37A}.Release|iPhone.Deploy.0 = Release|Any CPU
		{601CA4E4-9D42-4C15-95CC-0AD12522A37A}.Release|iPhoneSimulator.ActiveCfg = Release|Any CPU
		{601CA4E4-9D42-4C15-95CC-0AD12522A37A}.Release|iPhoneSimulator.Build.0 = Release|Any CPU
		{601CA4E4-9D42-4C15-95CC-0AD12522A37A}.Release|iPhoneSimulator.Deploy.0 = Release|Any CPU
	EndGlobalSection
	GlobalSection(SolutionProperties) = preSolution
		HideSolutionNode = FALSE
	EndGlobalSection
	GlobalSection(ExtensibilityGlobals) = postSolution
		SolutionGuid = {996A5FF8-4DB1-4095-B444-19FC6C2DBCF4}
	EndGlobalSection
EndGlobal
